
Microsoft Visual Studio Solution File, Format Version 12.00
# Visual Studio 15
VisualStudioVersion = 15.0.26730.16
MinimumVisualStudioVersion = 10.0.40219.1
Project("{9A19103F-16F7-4668-BE54-9A1E7A4F7556}") = "Cibertec.Models", "Cibertec.Models\Cibertec.Models.csproj", "{00B7C042-D694-4731-B338-17BD921532C3}"
EndProject
Project("{9A19103F-16F7-4668-BE54-9A1E7A4F7556}") = "Cibertec.Repositories", "Cibertec.Repositories\Cibertec.Repositories.csproj", "{FC623872-B486-4A1E-BA37-8609BD704AE7}"
EndProject
Project("{9A19103F-16F7-4668-BE54-9A1E7A4F7556}") = "Cibertec.Repositories.EntityFrameworkTests", "Cibertec.RepositoriesTests\Cibertec.Repositories.EntityFrameworkTests.csproj", "{D80E4170-2783-4083-8390-BBB43468D237}"
EndProject
Project("{2150E333-8FDC-42A3-9474-1A3956D46DE8}") = "Data", "Data", "{64A4B4E7-AE42-448E-85F6-AC334A309A06}"
EndProject
Project("{2150E333-8FDC-42A3-9474-1A3956D46DE8}") = "Test", "Test", "{F17A3726-FBAB-4852-A87A-924D74CE0720}"
EndProject
Project("{9A19103F-16F7-4668-BE54-9A1E7A4F7556}") = "Cibertec.Repositories.EntityFramework", "Cibertec.Repositories.EntityFramework\Cibertec.Repositories.EntityFramework.csproj", "{BF1E85A6-6F0F-41E5-BF98-A2B9CBE86C85}"
EndProject
Project("{9A19103F-16F7-4668-BE54-9A1E7A4F7556}") = "Cibertec.Repositories.Dapper", "Cibertec.Repositories.Dapper\Cibertec.Repositories.Dapper.csproj", "{C66269BA-B013-4689-B335-FCA4D6AF15D4}"
EndProject
Project("{9A19103F-16F7-4668-BE54-9A1E7A4F7556}") = "Cibertec.Repositories.DapperTest", "Cibertec.Repositories.DapperTest\Cibertec.Repositories.DapperTest.csproj", "{DD26ABFC-5769-481D-8906-AAA24AE8A538}"
EndProject
Project("{9A19103F-16F7-4668-BE54-9A1E7A4F7556}") = "Cibertec.UnitOfWork", "Cibertec.UnitOfWork\Cibertec.UnitOfWork.csproj", "{4A6A2D65-C61C-4971-846D-277F039EA3B8}"
EndProject
Project("{2150E333-8FDC-42A3-9474-1A3956D46DE8}") = "Web", "Web", "{9376C071-DD61-40D8-83FD-62E8FBE4DC75}"
EndProject
Project("{9A19103F-16F7-4668-BE54-9A1E7A4F7556}") = "Cibertec.MVC", "Cibertec.MVC\Cibertec.MVC.csproj", "{A8C1B906-B3C7-4371-A104-37912F07EC6E}"
EndProject
Project("{9A19103F-16F7-4668-BE54-9A1E7A4F7556}") = "Cibertec.WebApi", "Cibertec.WebApi\Cibertec.WebApi.csproj", "{B1636F06-4CB0-4C8E-9E7A-4F9436995304}"
EndProject
Project("{9A19103F-16F7-4668-BE54-9A1E7A4F7556}") = "Cibertec.WebApi.Test", "Cibertec.WebApi.Test\Cibertec.WebApi.Test.csproj", "{8C026E10-A199-4DA3-889F-CCE6787FDB7B}"
EndProject
Project("{FAE04EC0-301F-11D3-BF4B-00C04F79EFBC}") = "Cibertec.Mocked", "Cibertec.Mocked\Cibertec.Mocked.csproj", "{47C1CC46-BA69-411D-B433-AFF7708FBEA0}"
EndProject
Global
	GlobalSection(SolutionConfigurationPlatforms) = preSolution
		Debug|Any CPU = Debug|Any CPU
		Release|Any CPU = Release|Any CPU
	EndGlobalSection
	GlobalSection(ProjectConfigurationPlatforms) = postSolution
		{00B7C042-D694-4731-B338-17BD921532C3}.Debug|Any CPU.ActiveCfg = Debug|Any CPU
		{00B7C042-D694-4731-B338-17BD921532C3}.Debug|Any CPU.Build.0 = Debug|Any CPU
		{00B7C042-D694-4731-B338-17BD921532C3}.Release|Any CPU.ActiveCfg = Release|Any CPU
		{00B7C042-D694-4731-B338-17BD921532C3}.Release|Any CPU.Build.0 = Release|Any CPU
		{FC623872-B486-4A1E-BA37-8609BD704AE7}.Debug|Any CPU.ActiveCfg = Debug|Any CPU
		{FC623872-B486-4A1E-BA37-8609BD704AE7}.Debug|Any CPU.Build.0 = Debug|Any CPU
		{FC623872-B486-4A1E-BA37-8609BD704AE7}.Release|Any CPU.ActiveCfg = Release|Any CPU
		{FC623872-B486-4A1E-BA37-8609BD704AE7}.Release|Any CPU.Build.0 = Release|Any CPU
		{D80E4170-2783-4083-8390-BBB43468D237}.Debug|Any CPU.ActiveCfg = Debug|Any CPU
		{D80E4170-2783-4083-8390-BBB43468D237}.Debug|Any CPU.Build.0 = Debug|Any CPU
		{D80E4170-2783-4083-8390-BBB43468D237}.Release|Any CPU.ActiveCfg = Release|Any CPU
		{D80E4170-2783-4083-8390-BBB43468D237}.Release|Any CPU.Build.0 = Release|Any CPU
		{BF1E85A6-6F0F-41E5-BF98-A2B9CBE86C85}.Debug|Any CPU.ActiveCfg = Debug|Any CPU
		{BF1E85A6-6F0F-41E5-BF98-A2B9CBE86C85}.Debug|Any CPU.Build.0 = Debug|Any CPU
		{BF1E85A6-6F0F-41E5-BF98-A2B9CBE86C85}.Release|Any CPU.ActiveCfg = Release|Any CPU
		{BF1E85A6-6F0F-41E5-BF98-A2B9CBE86C85}.Release|Any CPU.Build.0 = Release|Any CPU
		{C66269BA-B013-4689-B335-FCA4D6AF15D4}.Debug|Any CPU.ActiveCfg = Debug|Any CPU
		{C66269BA-B013-4689-B335-FCA4D6AF15D4}.Debug|Any CPU.Build.0 = Debug|Any CPU
		{C66269BA-B013-4689-B335-FCA4D6AF15D4}.Release|Any CPU.ActiveCfg = Release|Any CPU
		{C66269BA-B013-4689-B335-FCA4D6AF15D4}.Release|Any CPU.Build.0 = Release|Any CPU
		{DD26ABFC-5769-481D-8906-AAA24AE8A538}.Debug|Any CPU.ActiveCfg = Debug|Any CPU
		{DD26ABFC-5769-481D-8906-AAA24AE8A538}.Debug|Any CPU.Build.0 = Debug|Any CPU
		{DD26ABFC-5769-481D-8906-AAA24AE8A538}.Release|Any CPU.ActiveCfg = Release|Any CPU
		{DD26ABFC-5769-481D-8906-AAA24AE8A538}.Release|Any CPU.Build.0 = Release|Any CPU
		{4A6A2D65-C61C-4971-846D-277F039EA3B8}.Debug|Any CPU.ActiveCfg = Debug|Any CPU
		{4A6A2D65-C61C-4971-846D-277F039EA3B8}.Debug|Any CPU.Build.0 = Debug|Any CPU
		{4A6A2D65-C61C-4971-846D-277F039EA3B8}.Release|Any CPU.ActiveCfg = Release|Any CPU
		{4A6A2D65-C61C-4971-846D-277F039EA3B8}.Release|Any CPU.Build.0 = Release|Any CPU
		{A8C1B906-B3C7-4371-A104-37912F07EC6E}.Debug|Any CPU.ActiveCfg = Debug|Any CPU
		{A8C1B906-B3C7-4371-A104-37912F07EC6E}.Debug|Any CPU.Build.0 = Debug|Any CPU
		{A8C1B906-B3C7-4371-A104-37912F07EC6E}.Release|Any CPU.ActiveCfg = Release|Any CPU
		{A8C1B906-B3C7-4371-A104-37912F07EC6E}.Release|Any CPU.Build.0 = Release|Any CPU
		{B1636F06-4CB0-4C8E-9E7A-4F9436995304}.Debug|Any CPU.ActiveCfg = Debug|Any CPU
		{B1636F06-4CB0-4C8E-9E7A-4F9436995304}.Debug|Any CPU.Build.0 = Debug|Any CPU
		{B1636F06-4CB0-4C8E-9E7A-4F9436995304}.Release|Any CPU.ActiveCfg = Release|Any CPU
		{B1636F06-4CB0-4C8E-9E7A-4F9436995304}.Release|Any CPU.Build.0 = Release|Any CPU
		{8C026E10-A199-4DA3-889F-CCE6787FDB7B}.Debug|Any CPU.ActiveCfg = Debug|Any CPU
		{8C026E10-A199-4DA3-889F-CCE6787FDB7B}.Debug|Any CPU.Build.0 = Debug|Any CPU
		{8C026E10-A199-4DA3-889F-CCE6787FDB7B}.Release|Any CPU.ActiveCfg = Release|Any CPU
		{8C026E10-A199-4DA3-889F-CCE6787FDB7B}.Release|Any CPU.Build.0 = Release|Any CPU
		{47C1CC46-BA69-411D-B433-AFF7708FBEA0}.Debug|Any CPU.ActiveCfg = Debug|Any CPU
		{47C1CC46-BA69-411D-B433-AFF7708FBEA0}.Debug|Any CPU.Build.0 = Debug|Any CPU
		{47C1CC46-BA69-411D-B433-AFF7708FBEA0}.Release|Any CPU.ActiveCfg = Release|Any CPU
		{47C1CC46-BA69-411D-B433-AFF7708FBEA0}.Release|Any CPU.Build.0 = Release|Any CPU
	EndGlobalSection
	GlobalSection(SolutionProperties) = preSolution
		HideSolutionNode = FALSE
	EndGlobalSection
	GlobalSection(NestedProjects) = preSolution
		{00B7C042-D694-4731-B338-17BD921532C3} = {64A4B4E7-AE42-448E-85F6-AC334A309A06}
		{FC623872-B486-4A1E-BA37-8609BD704AE7} = {64A4B4E7-AE42-448E-85F6-AC334A309A06}
		{D80E4170-2783-4083-8390-BBB43468D237} = {F17A3726-FBAB-4852-A87A-924D74CE0720}
		{BF1E85A6-6F0F-41E5-BF98-A2B9CBE86C85} = {64A4B4E7-AE42-448E-85F6-AC334A309A06}
		{C66269BA-B013-4689-B335-FCA4D6AF15D4} = {64A4B4E7-AE42-448E-85F6-AC334A309A06}
		{DD26ABFC-5769-481D-8906-AAA24AE8A538} = {F17A3726-FBAB-4852-A87A-924D74CE0720}
		{4A6A2D65-C61C-4971-846D-277F039EA3B8} = {64A4B4E7-AE42-448E-85F6-AC334A309A06}
		{A8C1B906-B3C7-4371-A104-37912F07EC6E} = {9376C071-DD61-40D8-83FD-62E8FBE4DC75}
		{B1636F06-4CB0-4C8E-9E7A-4F9436995304} = {9376C071-DD61-40D8-83FD-62E8FBE4DC75}
		{8C026E10-A199-4DA3-889F-CCE6787FDB7B} = {F17A3726-FBAB-4852-A87A-924D74CE0720}
		{47C1CC46-BA69-411D-B433-AFF7708FBEA0} = {F17A3726-FBAB-4852-A87A-924D74CE0720}
	EndGlobalSection
	GlobalSection(ExtensibilityGlobals) = postSolution
		SolutionGuid = {FA846BAC-8AC7-454E-B999-B090DFE2217E}
	EndGlobalSection
EndGlobal
